// !$*UTF8*$!
{
	archiveVersion = 1;
	classes = {
	};
	objectVersion = 56;
	objects = {

/* Begin PBXBuildFile section */
		055B238729BE467B0066646B /* AppDelegate.swift in Sources */ = {isa = PBXBuildFile; fileRef = 055B238629BE467B0066646B /* AppDelegate.swift */; };
		055B238929BE467B0066646B /* SceneDelegate.swift in Sources */ = {isa = PBXBuildFile; fileRef = 055B238829BE467B0066646B /* SceneDelegate.swift */; };
		055B238B29BE467B0066646B /* PostsViewController.swift in Sources */ = {isa = PBXBuildFile; fileRef = 055B238A29BE467B0066646B /* PostsViewController.swift */; };
		055B239029BE46810066646B /* Assets.xcassets in Resources */ = {isa = PBXBuildFile; fileRef = 055B238F29BE46810066646B /* Assets.xcassets */; };
		055B23A129BF53F90066646B /* PostsUIComposer.swift in Sources */ = {isa = PBXBuildFile; fileRef = 055B23A029BF53F90066646B /* PostsUIComposer.swift */; };
		055B23A329BF54A70066646B /* PostsContracts.swift in Sources */ = {isa = PBXBuildFile; fileRef = 055B23A229BF54A70066646B /* PostsContracts.swift */; };
		055B23A729BF8F120066646B /* PostCell.swift in Sources */ = {isa = PBXBuildFile; fileRef = 055B23A629BF8F120066646B /* PostCell.swift */; };
/* End PBXBuildFile section */

/* Begin PBXFileReference section */
		055B238329BE467B0066646B /* JSONPlaceholder-Posts.app */ = {isa = PBXFileReference; explicitFileType = wrapper.application; includeInIndex = 0; path = "JSONPlaceholder-Posts.app"; sourceTree = BUILT_PRODUCTS_DIR; };
		055B238629BE467B0066646B /* AppDelegate.swift */ = {isa = PBXFileReference; lastKnownFileType = sourcecode.swift; path = AppDelegate.swift; sourceTree = "<group>"; };
		055B238829BE467B0066646B /* SceneDelegate.swift */ = {isa = PBXFileReference; lastKnownFileType = sourcecode.swift; path = SceneDelegate.swift; sourceTree = "<group>"; };
		055B238A29BE467B0066646B /* PostsViewController.swift */ = {isa = PBXFileReference; lastKnownFileType = sourcecode.swift; path = PostsViewController.swift; sourceTree = "<group>"; };
		055B238F29BE46810066646B /* Assets.xcassets */ = {isa = PBXFileReference; lastKnownFileType = folder.assetcatalog; path = Assets.xcassets; sourceTree = "<group>"; };
		055B239429BE46810066646B /* Info.plist */ = {isa = PBXFileReference; lastKnownFileType = text.plist.xml; path = Info.plist; sourceTree = "<group>"; };
		055B23A029BF53F90066646B /* PostsUIComposer.swift */ = {isa = PBXFileReference; lastKnownFileType = sourcecode.swift; path = PostsUIComposer.swift; sourceTree = "<group>"; };
		055B23A229BF54A70066646B /* PostsContracts.swift */ = {isa = PBXFileReference; lastKnownFileType = sourcecode.swift; path = PostsContracts.swift; sourceTree = "<group>"; };
		055B23A629BF8F120066646B /* PostCell.swift */ = {isa = PBXFileReference; lastKnownFileType = sourcecode.swift; path = PostCell.swift; sourceTree = "<group>"; };
/* End PBXFileReference section */

/* Begin PBXFrameworksBuildPhase section */
		055B238029BE467B0066646B /* Frameworks */ = {
			isa = PBXFrameworksBuildPhase;
			buildActionMask = 2147483647;
			files = (
			);
			runOnlyForDeploymentPostprocessing = 0;
		};
/* End PBXFrameworksBuildPhase section */

/* Begin PBXGroup section */
		055B237A29BE467B0066646B = {
			isa = PBXGroup;
			children = (
				055B238529BE467B0066646B /* JSONPlaceholder-Posts */,
				055B238429BE467B0066646B /* Products */,
			);
			sourceTree = "<group>";
		};
		055B238429BE467B0066646B /* Products */ = {
			isa = PBXGroup;
			children = (
				055B238329BE467B0066646B /* JSONPlaceholder-Posts.app */,
			);
			name = Products;
			sourceTree = "<group>";
		};
		055B238529BE467B0066646B /* JSONPlaceholder-Posts */ = {
			isa = PBXGroup;
			children = (
				055B239A29BF53300066646B /* App */,
				055B239C29BF53620066646B /* Resources */,
				055B239D29BF53790066646B /* Composer */,
				055B239F29BF53A00066646B /* Features */,
				055B239429BE46810066646B /* Info.plist */,
			);
			path = "JSONPlaceholder-Posts";
			sourceTree = "<group>";
		};
		055B239A29BF53300066646B /* App */ = {
			isa = PBXGroup;
			children = (
				055B238629BE467B0066646B /* AppDelegate.swift */,
				055B238829BE467B0066646B /* SceneDelegate.swift */,
			);
			path = App;
			sourceTree = "<group>";
		};
		055B239C29BF53620066646B /* Resources */ = {
			isa = PBXGroup;
			children = (
				055B238F29BE46810066646B /* Assets.xcassets */,
			);
			path = Resources;
			sourceTree = "<group>";
		};
		055B239D29BF53790066646B /* Composer */ = {
			isa = PBXGroup;
			children = (
				055B23A029BF53F90066646B /* PostsUIComposer.swift */,
			);
			path = Composer;
			sourceTree = "<group>";
		};
		055B239F29BF53A00066646B /* Features */ = {
			isa = PBXGroup;
			children = (
				055B23A529BF8F010066646B /* View */,
				055B23A429BF55570066646B /* Workers */,
				055B238A29BE467B0066646B /* PostsViewController.swift */,
				055B23A229BF54A70066646B /* PostsContracts.swift */,
			);
			path = Features;
			sourceTree = "<group>";
		};
		055B23A429BF55570066646B /* Workers */ = {
			isa = PBXGroup;
			children = (
			);
			path = Workers;
			sourceTree = "<group>";
		};
		055B23A529BF8F010066646B /* View */ = {
			isa = PBXGroup;
			children = (
				055B23A629BF8F120066646B /* PostCell.swift */,
			);
			path = View;
			sourceTree = "<group>";
		};
/* End PBXGroup section */

/* Begin PBXNativeTarget section */
		055B238229BE467B0066646B /* JSONPlaceholder-Posts */ = {
			isa = PBXNativeTarget;
			buildConfigurationList = 055B239729BE46810066646B /* Build configuration list for PBXNativeTarget "JSONPlaceholder-Posts" */;
			buildPhases = (
				055B237F29BE467B0066646B /* Sources */,
				055B238029BE467B0066646B /* Frameworks */,
				055B238129BE467B0066646B /* Resources */,
			);
			buildRules = (
			);
			dependencies = (
			);
			name = "JSONPlaceholder-Posts";
			productName = "JSONPlaceholder-Posts";
			productReference = 055B238329BE467B0066646B /* JSONPlaceholder-Posts.app */;
			productType = "com.apple.product-type.application";
		};
/* End PBXNativeTarget section */

/* Begin PBXProject section */
		055B237B29BE467B0066646B /* Project object */ = {
			isa = PBXProject;
			attributes = {
				BuildIndependentTargetsInParallel = 1;
				LastSwiftUpdateCheck = 1420;
				LastUpgradeCheck = 1420;
				TargetAttributes = {
					055B238229BE467B0066646B = {
						CreatedOnToolsVersion = 14.2;
					};
				};
			};
			buildConfigurationList = 055B237E29BE467B0066646B /* Build configuration list for PBXProject "JSONPlaceholder-Posts" */;
			compatibilityVersion = "Xcode 14.0";
			developmentRegion = en;
			hasScannedForEncodings = 0;
			knownRegions = (
				en,
				Base,
			);
			mainGroup = 055B237A29BE467B0066646B;
			productRefGroup = 055B238429BE467B0066646B /* Products */;
			projectDirPath = "";
			projectRoot = "";
			targets = (
				055B238229BE467B0066646B /* JSONPlaceholder-Posts */,
			);
		};
/* End PBXProject section */

/* Begin PBXResourcesBuildPhase section */
		055B238129BE467B0066646B /* Resources */ = {
			isa = PBXResourcesBuildPhase;
			buildActionMask = 2147483647;
			files = (
				055B239029BE46810066646B /* Assets.xcassets in Resources */,
			);
			runOnlyForDeploymentPostprocessing = 0;
		};
/* End PBXResourcesBuildPhase section */

/* Begin PBXSourcesBuildPhase section */
		055B237F29BE467B0066646B /* Sources */ = {
			isa = PBXSourcesBuildPhase;
			buildActionMask = 2147483647;
			files = (
				055B238B29BE467B0066646B /* PostsViewController.swift in Sources */,
				055B238729BE467B0066646B /* AppDelegate.swift in Sources */,
				055B238929BE467B0066646B /* SceneDelegate.swift in Sources */,
				055B23A329BF54A70066646B /* PostsContracts.swift in Sources */,
				055B23A129BF53F90066646B /* PostsUIComposer.swift in Sources */,
				055B23A729BF8F120066646B /* PostCell.swift in Sources */,
			);
			runOnlyForDeploymentPostprocessing = 0;
		};
/* End PBXSourcesBuildPhase section */

/* Begin XCBuildConfiguration section */
		055B239529BE46810066646B /* Debug */ = {
			isa = XCBuildConfiguration;
			buildSettings = {
				ALWAYS_SEARCH_USER_PATHS = NO;
				CLANG_ANALYZER_NONNULL = YES;
				CLANG_ANALYZER_NUMBER_OBJECT_CONVERSION = YES_AGGRESSIVE;
				CLANG_CXX_LANGUAGE_STANDARD = "gnu++20";
				CLANG_ENABLE_MODULES = YES;
				CLANG_ENABLE_OBJC_ARC = YES;
				CLANG_ENABLE_OBJC_WEAK = YES;
				CLANG_WARN_BLOCK_CAPTURE_AUTORELEASING = YES;
				CLANG_WARN_BOOL_CONVERSION = YES;
				CLANG_WARN_COMMA = YES;
				CLANG_WARN_CONSTANT_CONVERSION = YES;
				CLANG_WARN_DEPRECATED_OBJC_IMPLEMENTATIONS = YES;
				CLANG_WARN_DIRECT_OBJC_ISA_USAGE = YES_ERROR;
				CLANG_WARN_DOCUMENTATION_COMMENTS = YES;
				CLANG_WARN_EMPTY_BODY = YES;
				CLANG_WARN_ENUM_CONVERSION = YES;
				CLANG_WARN_INFINITE_RECURSION = YES;
				CLANG_WARN_INT_CONVERSION = YES;
				CLANG_WARN_NON_LITERAL_NULL_CONVERSION = YES;
				CLANG_WARN_OBJC_IMPLICIT_RETAIN_SELF = YES;
				CLANG_WARN_OBJC_LITERAL_CONVERSION = YES;
				CLANG_WARN_OBJC_ROOT_CLASS = YES_ERROR;
				CLANG_WARN_QUOTED_INCLUDE_IN_FRAMEWORK_HEADER = YES;
				CLANG_WARN_RANGE_LOOP_ANALYSIS = YES;
				CLANG_WARN_STRICT_PROTOTYPES = YES;
				CLANG_WARN_SUSPICIOUS_MOVE = YES;
				CLANG_WARN_UNGUARDED_AVAILABILITY = YES_AGGRESSIVE;
				CLANG_WARN_UNREACHABLE_CODE = YES;
				CLANG_WARN__DUPLICATE_METHOD_MATCH = YES;
				COPY_PHASE_STRIP = NO;
				DEBUG_INFORMATION_FORMAT = dwarf;
				ENABLE_STRICT_OBJC_MSGSEND = YES;
				ENABLE_TESTABILITY = YES;
				GCC_C_LANGUAGE_STANDARD = gnu11;
				GCC_DYNAMIC_NO_PIC = NO;
				GCC_NO_COMMON_BLOCKS = YES;
				GCC_OPTIMIZATION_LEVEL = 0;
				GCC_PREPROCESSOR_DEFINITIONS = (
					"DEBUG=1",
					"$(inherited)",
				);
				GCC_WARN_64_TO_32_BIT_CONVERSION = YES;
				GCC_WARN_ABOUT_RETURN_TYPE = YES_ERROR;
				GCC_WARN_UNDECLARED_SELECTOR = YES;
				GCC_WARN_UNINITIALIZED_AUTOS = YES_AGGRESSIVE;
				GCC_WARN_UNUSED_FUNCTION = YES;
				GCC_WARN_UNUSED_VARIABLE = YES;
				IPHONEOS_DEPLOYMENT_TARGET = 13.0;
				MTL_ENABLE_DEBUG_INFO = INCLUDE_SOURCE;
				MTL_FAST_MATH = YES;
				ONLY_ACTIVE_ARCH = YES;
				SDKROOT = iphoneos;
				SWIFT_ACTIVE_COMPILATION_CONDITIONS = DEBUG;
				SWIFT_OPTIMIZATION_LEVEL = "-Onone";
			};
			name = Debug;
		};
		055B239629BE46810066646B /* Release */ = {
			isa = XCBuildConfiguration;
			buildSettings = {
				ALWAYS_SEARCH_USER_PATHS = NO;
				CLANG_ANALYZER_NONNULL = YES;
				CLANG_ANALYZER_NUMBER_OBJECT_CONVERSION = YES_AGGRESSIVE;
				CLANG_CXX_LANGUAGE_STANDARD = "gnu++20";
				CLANG_ENABLE_MODULES = YES;
				CLANG_ENABLE_OBJC_ARC = YES;
				CLANG_ENABLE_OBJC_WEAK = YES;
				CLANG_WARN_BLOCK_CAPTURE_AUTORELEASING = YES;
				CLANG_WARN_BOOL_CONVERSION = YES;
				CLANG_WARN_COMMA = YES;
				CLANG_WARN_CONSTANT_CONVERSION = YES;
				CLANG_WARN_DEPRECATED_OBJC_IMPLEMENTATIONS = YES;
				CLANG_WARN_DIRECT_OBJC_ISA_USAGE = YES_ERROR;
				CLANG_WARN_DOCUMENTATION_COMMENTS = YES;
				CLANG_WARN_EMPTY_BODY = YES;
				CLANG_WARN_ENUM_CONVERSION = YES;
				CLANG_WARN_INFINITE_RECURSION = YES;
				CLANG_WARN_INT_CONVERSION = YES;
				CLANG_WARN_NON_LITERAL_NULL_CONVERSION = YES;
				CLANG_WARN_OBJC_IMPLICIT_RETAIN_SELF = YES;
				CLANG_WARN_OBJC_LITERAL_CONVERSION = YES;
				CLANG_WARN_OBJC_ROOT_CLASS = YES_ERROR;
				CLANG_WARN_QUOTED_INCLUDE_IN_FRAMEWORK_HEADER = YES;
				CLANG_WARN_RANGE_LOOP_ANALYSIS = YES;
				CLANG_WARN_STRICT_PROTOTYPES = YES;
				CLANG_WARN_SUSPICIOUS_MOVE = YES;
				CLANG_WARN_UNGUARDED_AVAILABILITY = YES_AGGRESSIVE;
				CLANG_WARN_UNREACHABLE_CODE = YES;
				CLANG_WARN__DUPLICATE_METHOD_MATCH = YES;
				COPY_PHASE_STRIP = NO;
				DEBUG_INFORMATION_FORMAT = "dwarf-with-dsym";
				ENABLE_NS_ASSERTIONS = NO;
				ENABLE_STRICT_OBJC_MSGSEND = YES;
				GCC_C_LANGUAGE_STANDARD = gnu11;
				GCC_NO_COMMON_BLOCKS = YES;
				GCC_WARN_64_TO_32_BIT_CONVERSION = YES;
				GCC_WARN_ABOUT_RETURN_TYPE = YES_ERROR;
				GCC_WARN_UNDECLARED_SELECTOR = YES;
				GCC_WARN_UNINITIALIZED_AUTOS = YES_AGGRESSIVE;
				GCC_WARN_UNUSED_FUNCTION = YES;
				GCC_WARN_UNUSED_VARIABLE = YES;
				IPHONEOS_DEPLOYMENT_TARGET = 13.0;
				MTL_ENABLE_DEBUG_INFO = NO;
				MTL_FAST_MATH = YES;
				SDKROOT = iphoneos;
				SWIFT_COMPILATION_MODE = wholemodule;
				SWIFT_OPTIMIZATION_LEVEL = "-O";
				VALIDATE_PRODUCT = YES;
			};
			name = Release;
		};
		055B239829BE46810066646B /* Debug */ = {
			isa = XCBuildConfiguration;
			buildSettings = {
				ASSETCATALOG_COMPILER_APPICON_NAME = AppIcon;
				ASSETCATALOG_COMPILER_GLOBAL_ACCENT_COLOR_NAME = AccentColor;
				CODE_SIGN_STYLE = Automatic;
				CURRENT_PROJECT_VERSION = 1;
				DEVELOPMENT_TEAM = XLX6KD3AF8;
				GENERATE_INFOPLIST_FILE = YES;
				INFOPLIST_FILE = "JSONPlaceholder-Posts/Info.plist";
				INFOPLIST_KEY_UIApplicationSupportsIndirectInputEvents = YES;
				INFOPLIST_KEY_UILaunchStoryboardName = LaunchScreen;
				INFOPLIST_KEY_UISupportedInterfaceOrientations_iPad = "UIInterfaceOrientationPortrait UIInterfaceOrientationPortraitUpsideDown UIInterfaceOrientationLandscapeLeft UIInterfaceOrientationLandscapeRight";
				INFOPLIST_KEY_UISupportedInterfaceOrientations_iPhone = "UIInterfaceOrientationPortrait UIInterfaceOrientationLandscapeLeft UIInterfaceOrientationLandscapeRight";
				IPHONEOS_DEPLOYMENT_TARGET = 13.0;
				LD_RUNPATH_SEARCH_PATHS = (
					"$(inherited)",
					"@executable_path/Frameworks",
				);
				MARKETING_VERSION = 1.0;
				PRODUCT_BUNDLE_IDENTIFIER = "com.fauziarda.personal.JSONPlaceholder-Posts";
				PRODUCT_NAME = "$(TARGET_NAME)";
				SWIFT_EMIT_LOC_STRINGS = YES;
				SWIFT_VERSION = 5.0;
				TARGETED_DEVICE_FAMILY = "1,2";
			};
			name = Debug;
		};
		055B239929BE46810066646B /* Release */ = {
			isa = XCBuildConfiguration;
			buildSettings = {
				ASSETCATALOG_COMPILER_APPICON_NAME = AppIcon;
				ASSETCATALOG_COMPILER_GLOBAL_ACCENT_COLOR_NAME = AccentColor;
				CODE_SIGN_STYLE = Automatic;
				CURRENT_PROJECT_VERSION = 1;
				DEVELOPMENT_TEAM = XLX6KD3AF8;
				GENERATE_INFOPLIST_FILE = YES;
				INFOPLIST_FILE = "JSONPlaceholder-Posts/Info.plist";
				INFOPLIST_KEY_UIApplicationSupportsIndirectInputEvents = YES;
				INFOPLIST_KEY_UILaunchStoryboardName = LaunchScreen;
				INFOPLIST_KEY_UISupportedInterfaceOrientations_iPad = "UIInterfaceOrientationPortrait UIInterfaceOrientationPortraitUpsideDown UIInterfaceOrientationLandscapeLeft UIInterfaceOrientationLandscapeRight";
				INFOPLIST_KEY_UISupportedInterfaceOrientations_iPhone = "UIInterfaceOrientationPortrait UIInterfaceOrientationLandscapeLeft UIInterfaceOrientationLandscapeRight";
				IPHONEOS_DEPLOYMENT_TARGET = 13.0;
				LD_RUNPATH_SEARCH_PATHS = (
					"$(inherited)",
					"@executable_path/Frameworks",
				);
				MARKETING_VERSION = 1.0;
				PRODUCT_BUNDLE_IDENTIFIER = "com.fauziarda.personal.JSONPlaceholder-Posts";
				PRODUCT_NAME = "$(TARGET_NAME)";
				SWIFT_EMIT_LOC_STRINGS = YES;
				SWIFT_VERSION = 5.0;
				TARGETED_DEVICE_FAMILY = "1,2";
			};
			name = Release;
		};
/* End XCBuildConfiguration section */

/* Begin XCConfigurationList section */
		055B237E29BE467B0066646B /* Build configuration list for PBXProject "JSONPlaceholder-Posts" */ = {
			isa = XCConfigurationList;
			buildConfigurations = (
				055B239529BE46810066646B /* Debug */,
				055B239629BE46810066646B /* Release */,
			);
			defaultConfigurationIsVisible = 0;
			defaultConfigurationName = Release;
		};
		055B239729BE46810066646B /* Build configuration list for PBXNativeTarget "JSONPlaceholder-Posts" */ = {
			isa = XCConfigurationList;
			buildConfigurations = (
				055B239829BE46810066646B /* Debug */,
				055B239929BE46810066646B /* Release */,
			);
			defaultConfigurationIsVisible = 0;
			defaultConfigurationName = Release;
		};
/* End XCConfigurationList section */
	};
	rootObject = 055B237B29BE467B0066646B /* Project object */;
}
